<?xml version="1.0" encoding="utf-8"?>
<Project ToolsVersion="4.0" xmlns="http://schemas.microsoft.com/developer/msbuild/2003">
  <ItemGroup>
    <Filter Include="Source Files">
      <UniqueIdentifier>{4FC737F1-C7A5-4376-A066-2A32D752A2FF}</UniqueIdentifier>
      <Extensions>cpp;c;cc;cxx;def;odl;idl;hpj;bat;asm;asmx</Extensions>
    </Filter>
    <Filter Include="Header Files">
      <UniqueIdentifier>{93995380-89BD-4b04-88EB-625FBE52EBFB}</UniqueIdentifier>
      <Extensions>h;hh;hpp;hxx;hm;inl;inc;xsd</Extensions>
    </Filter>
    <Filter Include="Resource Files">
      <UniqueIdentifier>{67DA6AB6-F800-4c08-8B7A-83BB121AAD01}</UniqueIdentifier>
      <Extensions>rc;ico;cur;bmp;dlg;rc2;rct;bin;rgs;gif;jpg;jpeg;jpe;resx;tiff;tif;png;wav;mfcribbon-ms</Extensions>
    </Filter>
    <Filter Include="Header Files\core">
      <UniqueIdentifier>{11f9d83d-93e3-4d59-920f-53aba30e3c62}</UniqueIdentifier>
    </Filter>
    <Filter Include="Source Files\dep">
      <UniqueIdentifier>{be0cb192-5ace-49f1-aae7-76a609227e7a}</UniqueIdentifier>
    </Filter>
    <Filter Include="Source Files\widgets">
      <UniqueIdentifier>{37b0a20a-ee2c-491e-a8c0-3608ade67ec0}</UniqueIdentifier>
    </Filter>
    <Filter Include="Source Files\graphics">
      <UniqueIdentifier>{815e894e-260a-4424-b4bf-e56e282a095d}</UniqueIdentifier>
    </Filter>
    <Filter Include="Source Files\text">
      <UniqueIdentifier>{3716c324-5ea2-4ae7-9ae9-f655d3ecf4f1}</UniqueIdentifier>
    </Filter>
    <Filter Include="Source Files\config">
      <UniqueIdentifier>{4a588051-2ea9-41ae-b8c0-a30591c22fd4}</UniqueIdentifier>
    </Filter>
    <Filter Include="Header Files\scene">
      <UniqueIdentifier>{6c91b285-53fd-461b-b2ed-bdbffbb19e23}</UniqueIdentifier>
    </Filter>
  </ItemGroup>
  <ItemGroup>
    <ClCompile Include="main.cpp">
      <Filter>Source Files</Filter>
    </ClCompile>
    <ClCompile Include="fe_structs.cpp">
      <Filter>Source Files</Filter>
    </ClCompile>
    <ClCompile Include="stb_implement.cpp">
      <Filter>Source Files\dep</Filter>
    </ClCompile>
    <ClCompile Include="main_menu_bar.cpp">
      <Filter>Source Files\widgets</Filter>
    </ClCompile>
    <ClCompile Include="container.cpp">
      <Filter>Source Files\widgets</Filter>
    </ClCompile>
    <ClCompile Include="form.cpp">
      <Filter>Source Files\widgets</Filter>
    </ClCompile>
    <ClCompile Include="text.cpp">
      <Filter>Source Files\text</Filter>
    </ClCompile>
    <ClCompile Include="obj_loader.cpp">
      <Filter>Source Files\graphics</Filter>
    </ClCompile>
    <ClCompile Include="shader_manager.cpp">
      <Filter>Source Files\graphics</Filter>
    </ClCompile>
    <ClCompile Include="custom_gui_widgets.cpp">
      <Filter>Source Files\widgets</Filter>
    </ClCompile>
    <ClCompile Include="config_parser.cpp">
      <Filter>Source Files\config</Filter>
    </ClCompile>
    <ClCompile Include="grad_bkgrnd.h">
      <Filter>Header Files\scene</Filter>
    </ClCompile>
    <ClCompile Include="..\dep\glad\glad.c">
      <Filter>Source Files\dep</Filter>
    </ClCompile>
  </ItemGroup>
  <ItemGroup>
    <ClInclude Include="render_scene.h">
      <Filter>Header Files</Filter>
    </ClInclude>
    <ClInclude Include="config_parser.h">
      <Filter>Header Files</Filter>
    </ClInclude>
    <ClInclude Include="shader_manager.h">
      <Filter>Header Files</Filter>
    </ClInclude>
    <ClInclude Include="camera.h">
      <Filter>Header Files\core</Filter>
    </ClInclude>
    <ClInclude Include="color.h">
      <Filter>Header Files\core</Filter>
    </ClInclude>
    <ClInclude Include="file_system.h">
      <Filter>Header Files\core</Filter>
    </ClInclude>
    <ClInclude Include="shader.h">
      <Filter>Header Files\core</Filter>
    </ClInclude>
    <ClInclude Include="fease_draw.h">
      <Filter>Header Files\core</Filter>
    </ClInclude>
    <ClInclude Include="obj_loader.h">
      <Filter>Header Files\core</Filter>
    </ClInclude>
    <ClInclude Include="mouse_listener.h">
      <Filter>Header Files\core</Filter>
    </ClInclude>
    <ClInclude Include="create_texture.h">
      <Filter>Header Files\core</Filter>
    </ClInclude>
    <ClInclude Include="fe_structs.h">
      <Filter>Header Files</Filter>
    </ClInclude>
    <ClInclude Include="common.h">
      <Filter>Header Files</Filter>
    </ClInclude>
    <ClInclude Include="custom_gui_widgets.h">
      <Filter>Header Files</Filter>
    </ClInclude>
    <ClInclude Include="bm_parser.h">
      <Filter>Header Files</Filter>
    </ClInclude>
    <ClInclude Include="text.h">
      <Filter>Header Files\core</Filter>
    </ClInclude>
  </ItemGroup>
  <ItemGroup>
    <None Include="..\resources\shaders\texture.vs">
      <Filter>Resource Files</Filter>
    </None>
    <None Include="..\resources\shaders\object.fs">
      <Filter>Resource Files</Filter>
    </None>
    <None Include="..\resources\shaders\object.vs">
      <Filter>Resource Files</Filter>
    </None>
    <None Include="..\resources\shaders\solid.vs">
      <Filter>Resource Files</Filter>
    </None>
    <None Include="..\resources\shaders\solid.fs">
      <Filter>Resource Files</Filter>
    </None>
    <None Include="..\resources\shaders\text.fs">
      <Filter>Resource Files</Filter>
    </None>
    <None Include="..\resources\shaders\texture.fs">
      <Filter>Resource Files</Filter>
    </None>
    <None Include="text_billboarding.vs">
      <Filter>Resource Files</Filter>
    </None>
  </ItemGroup>
</Project>